// !$*UTF8*$!
{
	archiveVersion = 1;
	classes = {
	};
	objectVersion = 46;
	objects = {

/* Begin PBXBuildFile section */
		A10F44B819E92BFE00F0A0B8 /* Foundation.framework in Frameworks */ = {isa = PBXBuildFile; fileRef = A10F44B719E92BFE00F0A0B8 /* Foundation.framework */; };
		A10F44BA19E92BFE00F0A0B8 /* CoreGraphics.framework in Frameworks */ = {isa = PBXBuildFile; fileRef = A10F44B919E92BFE00F0A0B8 /* CoreGraphics.framework */; };
		A10F44BC19E92BFE00F0A0B8 /* UIKit.framework in Frameworks */ = {isa = PBXBuildFile; fileRef = A10F44BB19E92BFE00F0A0B8 /* UIKit.framework */; };
		A10F44C219E92BFE00F0A0B8 /* InfoPlist.strings in Resources */ = {isa = PBXBuildFile; fileRef = A10F44C019E92BFE00F0A0B8 /* InfoPlist.strings */; };
		A10F44C419E92BFE00F0A0B8 /* main.m in Sources */ = {isa = PBXBuildFile; fileRef = A10F44C319E92BFE00F0A0B8 /* main.m */; };
		A10F44C819E92BFE00F0A0B8 /* QBaseAppDelegate.m in Sources */ = {isa = PBXBuildFile; fileRef = A10F44C719E92BFE00F0A0B8 /* QBaseAppDelegate.m */; };
		A10F44CA19E92BFE00F0A0B8 /* Images.xcassets in Resources */ = {isa = PBXBuildFile; fileRef = A10F44C919E92BFE00F0A0B8 /* Images.xcassets */; };
		A10F44D119E92BFE00F0A0B8 /* XCTest.framework in Frameworks */ = {isa = PBXBuildFile; fileRef = A10F44D019E92BFE00F0A0B8 /* XCTest.framework */; };
		A10F44D219E92BFE00F0A0B8 /* Foundation.framework in Frameworks */ = {isa = PBXBuildFile; fileRef = A10F44B719E92BFE00F0A0B8 /* Foundation.framework */; };
		A10F44D319E92BFE00F0A0B8 /* UIKit.framework in Frameworks */ = {isa = PBXBuildFile; fileRef = A10F44BB19E92BFE00F0A0B8 /* UIKit.framework */; };
		A10F44DB19E92BFE00F0A0B8 /* InfoPlist.strings in Resources */ = {isa = PBXBuildFile; fileRef = A10F44D919E92BFE00F0A0B8 /* InfoPlist.strings */; };
		A10F44DD19E92BFE00F0A0B8 /* QBaseViewControllerTestTests.m in Sources */ = {isa = PBXBuildFile; fileRef = A10F44DC19E92BFE00F0A0B8 /* QBaseViewControllerTestTests.m */; };
		A10F44EC19E92C0500F0A0B8 /* QBaseViewController+KeyBoardObserver.m in Sources */ = {isa = PBXBuildFile; fileRef = A10F44E919E92C0500F0A0B8 /* QBaseViewController+KeyBoardObserver.m */; };
		A10F44ED19E92C0500F0A0B8 /* QBaseViewController.m in Sources */ = {isa = PBXBuildFile; fileRef = A10F44EB19E92C0500F0A0B8 /* QBaseViewController.m */; };
		A10F44F419E92C2900F0A0B8 /* QBaseDemoViewController.m in Sources */ = {isa = PBXBuildFile; fileRef = A10F44F319E92C2900F0A0B8 /* QBaseDemoViewController.m */; };
/* End PBXBuildFile section */

/* Begin PBXContainerItemProxy section */
		A10F44D419E92BFE00F0A0B8 /* PBXContainerItemProxy */ = {
			isa = PBXContainerItemProxy;
			containerPortal = A10F44AC19E92BFE00F0A0B8 /* Project object */;
			proxyType = 1;
			remoteGlobalIDString = A10F44B319E92BFE00F0A0B8;
			remoteInfo = QBaseViewControllerTest;
		};
/* End PBXContainerItemProxy section */

/* Begin PBXFileReference section */
		A10F44B419E92BFE00F0A0B8 /* QBaseViewControllerTest.app */ = {isa = PBXFileReference; explicitFileType = wrapper.application; includeInIndex = 0; path = QBaseViewControllerTest.app; sourceTree = BUILT_PRODUCTS_DIR; };
		A10F44B719E92BFE00F0A0B8 /* Foundation.framework */ = {isa = PBXFileReference; lastKnownFileType = wrapper.framework; name = Foundation.framework; path = System/Library/Frameworks/Foundation.framework; sourceTree = SDKROOT; };
		A10F44B919E92BFE00F0A0B8 /* CoreGraphics.framework */ = {isa = PBXFileReference; lastKnownFileType = wrapper.framework; name = CoreGraphics.framework; path = System/Library/Frameworks/CoreGraphics.framework; sourceTree = SDKROOT; };
		A10F44BB19E92BFE00F0A0B8 /* UIKit.framework */ = {isa = PBXFileReference; lastKnownFileType = wrapper.framework; name = UIKit.framework; path = System/Library/Frameworks/UIKit.framework; sourceTree = SDKROOT; };
		A10F44BF19E92BFE00F0A0B8 /* QBaseViewControllerTest-Info.plist */ = {isa = PBXFileReference; lastKnownFileType = text.plist.xml; path = "QBaseViewControllerTest-Info.plist"; sourceTree = "<group>"; };
		A10F44C119E92BFE00F0A0B8 /* en */ = {isa = PBXFileReference; lastKnownFileType = text.plist.strings; name = en; path = en.lproj/InfoPlist.strings; sourceTree = "<group>"; };
		A10F44C319E92BFE00F0A0B8 /* main.m */ = {isa = PBXFileReference; lastKnownFileType = sourcecode.c.objc; path = main.m; sourceTree = "<group>"; };
		A10F44C519E92BFE00F0A0B8 /* QBaseViewControllerTest-Prefix.pch */ = {isa = PBXFileReference; lastKnownFileType = sourcecode.c.h; path = "QBaseViewControllerTest-Prefix.pch"; sourceTree = "<group>"; };
		A10F44C619E92BFE00F0A0B8 /* QBaseAppDelegate.h */ = {isa = PBXFileReference; lastKnownFileType = sourcecode.c.h; path = QBaseAppDelegate.h; sourceTree = "<group>"; };
		A10F44C719E92BFE00F0A0B8 /* QBaseAppDelegate.m */ = {isa = PBXFileReference; lastKnownFileType = sourcecode.c.objc; path = QBaseAppDelegate.m; sourceTree = "<group>"; };
		A10F44C919E92BFE00F0A0B8 /* Images.xcassets */ = {isa = PBXFileReference; lastKnownFileType = folder.assetcatalog; path = Images.xcassets; sourceTree = "<group>"; };
		A10F44CF19E92BFE00F0A0B8 /* QBaseViewControllerTestTests.xctest */ = {isa = PBXFileReference; explicitFileType = wrapper.cfbundle; includeInIndex = 0; path = QBaseViewControllerTestTests.xctest; sourceTree = BUILT_PRODUCTS_DIR; };
		A10F44D019E92BFE00F0A0B8 /* XCTest.framework */ = {isa = PBXFileReference; lastKnownFileType = wrapper.framework; name = XCTest.framework; path = Library/Frameworks/XCTest.framework; sourceTree = DEVELOPER_DIR; };
		A10F44D819E92BFE00F0A0B8 /* QBaseViewControllerTestTests-Info.plist */ = {isa = PBXFileReference; lastKnownFileType = text.plist.xml; path = "QBaseViewControllerTestTests-Info.plist"; sourceTree = "<group>"; };
		A10F44DA19E92BFE00F0A0B8 /* en */ = {isa = PBXFileReference; lastKnownFileType = text.plist.strings; name = en; path = en.lproj/InfoPlist.strings; sourceTree = "<group>"; };
		A10F44DC19E92BFE00F0A0B8 /* QBaseViewControllerTestTests.m */ = {isa = PBXFileReference; lastKnownFileType = sourcecode.c.objc; path = QBaseViewControllerTestTests.m; sourceTree = "<group>"; };
		A10F44E819E92C0500F0A0B8 /* QBaseViewController+KeyBoardObserver.h */ = {isa = PBXFileReference; fileEncoding = 4; lastKnownFileType = sourcecode.c.h; path = "QBaseViewController+KeyBoardObserver.h"; sourceTree = "<group>"; };
		A10F44E919E92C0500F0A0B8 /* QBaseViewController+KeyBoardObserver.m */ = {isa = PBXFileReference; fileEncoding = 4; lastKnownFileType = sourcecode.c.objc; path = "QBaseViewController+KeyBoardObserver.m"; sourceTree = "<group>"; };
		A10F44EA19E92C0500F0A0B8 /* QBaseViewController.h */ = {isa = PBXFileReference; fileEncoding = 4; lastKnownFileType = sourcecode.c.h; path = QBaseViewController.h; sourceTree = "<group>"; };
		A10F44EB19E92C0500F0A0B8 /* QBaseViewController.m */ = {isa = PBXFileReference; fileEncoding = 4; lastKnownFileType = sourcecode.c.objc; path = QBaseViewController.m; sourceTree = "<group>"; };
		A10F44F219E92C2900F0A0B8 /* QBaseDemoViewController.h */ = {isa = PBXFileReference; fileEncoding = 4; lastKnownFileType = sourcecode.c.h; path = QBaseDemoViewController.h; sourceTree = "<group>"; };
		A10F44F319E92C2900F0A0B8 /* QBaseDemoViewController.m */ = {isa = PBXFileReference; fileEncoding = 4; lastKnownFileType = sourcecode.c.objc; path = QBaseDemoViewController.m; sourceTree = "<group>"; };
/* End PBXFileReference section */

/* Begin PBXFrameworksBuildPhase section */
		A10F44B119E92BFE00F0A0B8 /* Frameworks */ = {
			isa = PBXFrameworksBuildPhase;
			buildActionMask = 2147483647;
			files = (
				A10F44BA19E92BFE00F0A0B8 /* CoreGraphics.framework in Frameworks */,
				A10F44BC19E92BFE00F0A0B8 /* UIKit.framework in Frameworks */,
				A10F44B819E92BFE00F0A0B8 /* Foundation.framework in Frameworks */,
			);
			runOnlyForDeploymentPostprocessing = 0;
		};
		A10F44CC19E92BFE00F0A0B8 /* Frameworks */ = {
			isa = PBXFrameworksBuildPhase;
			buildActionMask = 2147483647;
			files = (
				A10F44D119E92BFE00F0A0B8 /* XCTest.framework in Frameworks */,
				A10F44D319E92BFE00F0A0B8 /* UIKit.framework in Frameworks */,
				A10F44D219E92BFE00F0A0B8 /* Foundation.framework in Frameworks */,
			);
			runOnlyForDeploymentPostprocessing = 0;
		};
/* End PBXFrameworksBuildPhase section */

/* Begin PBXGroup section */
		A10F44AB19E92BFE00F0A0B8 = {
			isa = PBXGroup;
			children = (
				A10F44E619E92C0500F0A0B8 /* QBaseViewController */,
				A10F44BD19E92BFE00F0A0B8 /* QBaseViewControllerTest */,
				A10F44D619E92BFE00F0A0B8 /* QBaseViewControllerTestTests */,
				A10F44B619E92BFE00F0A0B8 /* Frameworks */,
				A10F44B519E92BFE00F0A0B8 /* Products */,
			);
			sourceTree = "<group>";
		};
		A10F44B519E92BFE00F0A0B8 /* Products */ = {
			isa = PBXGroup;
			children = (
				A10F44B419E92BFE00F0A0B8 /* QBaseViewControllerTest.app */,
				A10F44CF19E92BFE00F0A0B8 /* QBaseViewControllerTestTests.xctest */,
			);
			name = Products;
			sourceTree = "<group>";
		};
		A10F44B619E92BFE00F0A0B8 /* Frameworks */ = {
			isa = PBXGroup;
			children = (
				A10F44B719E92BFE00F0A0B8 /* Foundation.framework */,
				A10F44B919E92BFE00F0A0B8 /* CoreGraphics.framework */,
				A10F44BB19E92BFE00F0A0B8 /* UIKit.framework */,
				A10F44D019E92BFE00F0A0B8 /* XCTest.framework */,
			);
			name = Frameworks;
			sourceTree = "<group>";
		};
		A10F44BD19E92BFE00F0A0B8 /* QBaseViewControllerTest */ = {
			isa = PBXGroup;
			children = (
				A10F44C619E92BFE00F0A0B8 /* QBaseAppDelegate.h */,
				A10F44C719E92BFE00F0A0B8 /* QBaseAppDelegate.m */,
				A10F44F119E92C2900F0A0B8 /* Class */,
				A10F44C919E92BFE00F0A0B8 /* Images.xcassets */,
				A10F44BE19E92BFE00F0A0B8 /* Supporting Files */,
			);
			path = QBaseViewControllerTest;
			sourceTree = "<group>";
		};
		A10F44BE19E92BFE00F0A0B8 /* Supporting Files */ = {
			isa = PBXGroup;
			children = (
				A10F44BF19E92BFE00F0A0B8 /* QBaseViewControllerTest-Info.plist */,
				A10F44C019E92BFE00F0A0B8 /* InfoPlist.strings */,
				A10F44C319E92BFE00F0A0B8 /* main.m */,
				A10F44C519E92BFE00F0A0B8 /* QBaseViewControllerTest-Prefix.pch */,
			);
			name = "Supporting Files";
			sourceTree = "<group>";
		};
		A10F44D619E92BFE00F0A0B8 /* QBaseViewControllerTestTests */ = {
			isa = PBXGroup;
			children = (
				A10F44DC19E92BFE00F0A0B8 /* QBaseViewControllerTestTests.m */,
				A10F44D719E92BFE00F0A0B8 /* Supporting Files */,
			);
			path = QBaseViewControllerTestTests;
			sourceTree = "<group>";
		};
		A10F44D719E92BFE00F0A0B8 /* Supporting Files */ = {
			isa = PBXGroup;
			children = (
				A10F44D819E92BFE00F0A0B8 /* QBaseViewControllerTestTests-Info.plist */,
				A10F44D919E92BFE00F0A0B8 /* InfoPlist.strings */,
			);
			name = "Supporting Files";
			sourceTree = "<group>";
		};
		A10F44E619E92C0500F0A0B8 /* QBaseViewController */ = {
			isa = PBXGroup;
			children = (
				A10F44E719E92C0500F0A0B8 /* extension */,
				A10F44EA19E92C0500F0A0B8 /* QBaseViewController.h */,
				A10F44EB19E92C0500F0A0B8 /* QBaseViewController.m */,
			);
			name = QBaseViewController;
			path = ../../QBaseViewController;
			sourceTree = "<group>";
		};
		A10F44E719E92C0500F0A0B8 /* extension */ = {
			isa = PBXGroup;
			children = (
				A10F44E819E92C0500F0A0B8 /* QBaseViewController+KeyBoardObserver.h */,
				A10F44E919E92C0500F0A0B8 /* QBaseViewController+KeyBoardObserver.m */,
			);
			path = extension;
			sourceTree = "<group>";
		};
		A10F44F119E92C2900F0A0B8 /* Class */ = {
			isa = PBXGroup;
			children = (
				A10F44F219E92C2900F0A0B8 /* QBaseDemoViewController.h */,
				A10F44F319E92C2900F0A0B8 /* QBaseDemoViewController.m */,
			);
			path = Class;
			sourceTree = "<group>";
		};
/* End PBXGroup section */

/* Begin PBXNativeTarget section */
		A10F44B319E92BFE00F0A0B8 /* QBaseViewControllerTest */ = {
			isa = PBXNativeTarget;
			buildConfigurationList = A10F44E019E92BFE00F0A0B8 /* Build configuration list for PBXNativeTarget "QBaseViewControllerTest" */;
			buildPhases = (
				A10F44B019E92BFE00F0A0B8 /* Sources */,
				A10F44B119E92BFE00F0A0B8 /* Frameworks */,
				A10F44B219E92BFE00F0A0B8 /* Resources */,
			);
			buildRules = (
			);
			dependencies = (
			);
			name = QBaseViewControllerTest;
			productName = QBaseViewControllerTest;
			productReference = A10F44B419E92BFE00F0A0B8 /* QBaseViewControllerTest.app */;
			productType = "com.apple.product-type.application";
		};
		A10F44CE19E92BFE00F0A0B8 /* QBaseViewControllerTestTests */ = {
			isa = PBXNativeTarget;
			buildConfigurationList = A10F44E319E92BFE00F0A0B8 /* Build configuration list for PBXNativeTarget "QBaseViewControllerTestTests" */;
			buildPhases = (
				A10F44CB19E92BFE00F0A0B8 /* Sources */,
				A10F44CC19E92BFE00F0A0B8 /* Frameworks */,
				A10F44CD19E92BFE00F0A0B8 /* Resources */,
			);
			buildRules = (
			);
			dependencies = (
				A10F44D519E92BFE00F0A0B8 /* PBXTargetDependency */,
			);
			name = QBaseViewControllerTestTests;
			productName = QBaseViewControllerTestTests;
			productReference = A10F44CF19E92BFE00F0A0B8 /* QBaseViewControllerTestTests.xctest */;
			productType = "com.apple.product-type.bundle.unit-test";
		};
/* End PBXNativeTarget section */

/* Begin PBXProject section */
		A10F44AC19E92BFE00F0A0B8 /* Project object */ = {
			isa = PBXProject;
			attributes = {
				CLASSPREFIX = QBase;
				LastUpgradeCheck = 0510;
				ORGANIZATIONNAME = "Andy Jin";
				TargetAttributes = {
					A10F44CE19E92BFE00F0A0B8 = {
						TestTargetID = A10F44B319E92BFE00F0A0B8;
					};
				};
			};
			buildConfigurationList = A10F44AF19E92BFE00F0A0B8 /* Build configuration list for PBXProject "QBaseViewControllerTest" */;
			compatibilityVersion = "Xcode 3.2";
			developmentRegion = English;
			hasScannedForEncodings = 0;
			knownRegions = (
				en,
			);
			mainGroup = A10F44AB19E92BFE00F0A0B8;
			productRefGroup = A10F44B519E92BFE00F0A0B8 /* Products */;
			projectDirPath = "";
			projectRoot = "";
			targets = (
				A10F44B319E92BFE00F0A0B8 /* QBaseViewControllerTest */,
				A10F44CE19E92BFE00F0A0B8 /* QBaseViewControllerTestTests */,
			);
		};
/* End PBXProject section */

/* Begin PBXResourcesBuildPhase section */
		A10F44B219E92BFE00F0A0B8 /* Resources */ = {
			isa = PBXResourcesBuildPhase;
			buildActionMask = 2147483647;
			files = (
				A10F44C219E92BFE00F0A0B8 /* InfoPlist.strings in Resources */,
				A10F44CA19E92BFE00F0A0B8 /* Images.xcassets in Resources */,
			);
			runOnlyForDeploymentPostprocessing = 0;
		};
		A10F44CD19E92BFE00F0A0B8 /* Resources */ = {
			isa = PBXResourcesBuildPhase;
			buildActionMask = 2147483647;
			files = (
				A10F44DB19E92BFE00F0A0B8 /* InfoPlist.strings in Resources */,
			);
			runOnlyForDeploymentPostprocessing = 0;
		};
/* End PBXResourcesBuildPhase section */

/* Begin PBXSourcesBuildPhase section */
		A10F44B019E92BFE00F0A0B8 /* Sources */ = {
			isa = PBXSourcesBuildPhase;
			buildActionMask = 2147483647;
			files = (
				A10F44C419E92BFE00F0A0B8 /* main.m in Sources */,
				A10F44C819E92BFE00F0A0B8 /* QBaseAppDelegate.m in Sources */,
				A10F44F419E92C2900F0A0B8 /* QBaseDemoViewController.m in Sources */,
				A10F44EC19E92C0500F0A0B8 /* QBaseViewController+KeyBoardObserver.m in Sources */,
				A10F44ED19E92C0500F0A0B8 /* QBaseViewController.m in Sources */,
			);
			runOnlyForDeploymentPostprocessing = 0;
		};
		A10F44CB19E92BFE00F0A0B8 /* Sources */ = {
			isa = PBXSourcesBuildPhase;
			buildActionMask = 2147483647;
			files = (
				A10F44DD19E92BFE00F0A0B8 /* QBaseViewControllerTestTests.m in Sources */,
			);
			runOnlyForDeploymentPostprocessing = 0;
		};
/* End PBXSourcesBuildPhase section */

/* Begin PBXTargetDependency section */
		A10F44D519E92BFE00F0A0B8 /* PBXTargetDependency */ = {
			isa = PBXTargetDependency;
			target = A10F44B319E92BFE00F0A0B8 /* QBaseViewControllerTest */;
			targetProxy = A10F44D419E92BFE00F0A0B8 /* PBXContainerItemProxy */;
		};
/* End PBXTargetDependency section */

/* Begin PBXVariantGroup section */
		A10F44C019E92BFE00F0A0B8 /* InfoPlist.strings */ = {
			isa = PBXVariantGroup;
			children = (
				A10F44C119E92BFE00F0A0B8 /* en */,
			);
			name = InfoPlist.strings;
			sourceTree = "<group>";
		};
		A10F44D919E92BFE00F0A0B8 /* InfoPlist.strings */ = {
			isa = PBXVariantGroup;
			children = (
				A10F44DA19E92BFE00F0A0B8 /* en */,
			);
			name = InfoPlist.strings;
			sourceTree = "<group>";
		};
/* End PBXVariantGroup section */

/* Begin XCBuildConfiguration section */
		A10F44DE19E92BFE00F0A0B8 /* Debug */ = {
			isa = XCBuildConfiguration;
			buildSettings = {
				ALWAYS_SEARCH_USER_PATHS = NO;
				CLANG_CXX_LANGUAGE_STANDARD = "gnu++0x";
				CLANG_CXX_LIBRARY = "libc++";
				CLANG_ENABLE_MODULES = YES;
				CLANG_ENABLE_OBJC_ARC = YES;
				CLANG_WARN_BOOL_CONVERSION = YES;
				CLANG_WARN_CONSTANT_CONVERSION = YES;
				CLANG_WARN_DIRECT_OBJC_ISA_USAGE = YES_ERROR;
				CLANG_WARN_EMPTY_BODY = YES;
				CLANG_WARN_ENUM_CONVERSION = YES;
				CLANG_WARN_INT_CONVERSION = YES;
				CLANG_WARN_OBJC_ROOT_CLASS = YES_ERROR;
				CLANG_WARN__DUPLICATE_METHOD_MATCH = YES;
				"CODE_SIGN_IDENTITY[sdk=iphoneos*]" = "iPhone Developer";
				COPY_PHASE_STRIP = NO;
				GCC_C_LANGUAGE_STANDARD = gnu99;
				GCC_DYNAMIC_NO_PIC = NO;
				GCC_OPTIMIZATION_LEVEL = 0;
				GCC_PREPROCESSOR_DEFINITIONS = (
					"DEBUG=1",
					"$(inherited)",
				);
				GCC_SYMBOLS_PRIVATE_EXTERN = NO;
				GCC_WARN_64_TO_32_BIT_CONVERSION = YES;
				GCC_WARN_ABOUT_RETURN_TYPE = YES_ERROR;
				GCC_WARN_UNDECLARED_SELECTOR = YES;
				GCC_WARN_UNINITIALIZED_AUTOS = YES_AGGRESSIVE;
				GCC_WARN_UNUSED_FUNCTION = YES;
				GCC_WARN_UNUSED_VARIABLE = YES;
				IPHONEOS_DEPLOYMENT_TARGET = 7.1;
				ONLY_ACTIVE_ARCH = YES;
				SDKROOT = iphoneos;
				TARGETED_DEVICE_FAMILY = "1,2";
			};
			name = Debug;
		};
		A10F44DF19E92BFE00F0A0B8 /* Release */ = {
			isa = XCBuildConfiguration;
			buildSettings = {
				ALWAYS_SEARCH_USER_PATHS = NO;
				CLANG_CXX_LANGUAGE_STANDARD = "gnu++0x";
				CLANG_CXX_LIBRARY = "libc++";
				CLANG_ENABLE_MODULES = YES;
				CLANG_ENABLE_OBJC_ARC = YES;
				CLANG_WARN_BOOL_CONVERSION = YES;
				CLANG_WARN_CONSTANT_CONVERSION = YES;
				CLANG_WARN_DIRECT_OBJC_ISA_USAGE = YES_ERROR;
				CLANG_WARN_EMPTY_BODY = YES;
				CLANG_WARN_ENUM_CONVERSION = YES;
				CLANG_WARN_INT_CONVERSION = YES;
				CLANG_WARN_OBJC_ROOT_CLASS = YES_ERROR;
				CLANG_WARN__DUPLICATE_METHOD_MATCH = YES;
				"CODE_SIGN_IDENTITY[sdk=iphoneos*]" = "iPhone Developer";
				COPY_PHASE_STRIP = YES;
				ENABLE_NS_ASSERTIONS = NO;
				GCC_C_LANGUAGE_STANDARD = gnu99;
				GCC_WARN_64_TO_32_BIT_CONVERSION = YES;
				GCC_WARN_ABOUT_RETURN_TYPE = YES_ERROR;
				GCC_WARN_UNDECLARED_SELECTOR = YES;
				GCC_WARN_UNINITIALIZED_AUTOS = YES_AGGRESSIVE;
				GCC_WARN_UNUSED_FUNCTION = YES;
				GCC_WARN_UNUSED_VARIABLE = YES;
				IPHONEOS_DEPLOYMENT_TARGET = 7.1;
				SDKROOT = iphoneos;
				TARGETED_DEVICE_FAMILY = "1,2";
				VALIDATE_PRODUCT = YES;
			};
			name = Release;
		};
		A10F44E119E92BFE00F0A0B8 /* Debug */ = {
			isa = XCBuildConfiguration;
			buildSettings = {
				ASSETCATALOG_COMPILER_APPICON_NAME = AppIcon;
				ASSETCATALOG_COMPILER_LAUNCHIMAGE_NAME = LaunchImage;
				GCC_PRECOMPILE_PREFIX_HEADER = YES;
				GCC_PREFIX_HEADER = "QBaseViewControllerTest/QBaseViewControllerTest-Prefix.pch";
				INFOPLIST_FILE = "QBaseViewControllerTest/QBaseViewControllerTest-Info.plist";
				PRODUCT_NAME = "$(TARGET_NAME)";
				WRAPPER_EXTENSION = app;
			};
			name = Debug;
		};
		A10F44E219E92BFE00F0A0B8 /* Release */ = {
			isa = XCBuildConfiguration;
			buildSettings = {
				ASSETCATALOG_COMPILER_APPICON_NAME = AppIcon;
				ASSETCATALOG_COMPILER_LAUNCHIMAGE_NAME = LaunchImage;
				GCC_PRECOMPILE_PREFIX_HEADER = YES;
				GCC_PREFIX_HEADER = "QBaseViewControllerTest/QBaseViewControllerTest-Prefix.pch";
				INFOPLIST_FILE = "QBaseViewControllerTest/QBaseViewControllerTest-Info.plist";
				PRODUCT_NAME = "$(TARGET_NAME)";
				WRAPPER_EXTENSION = app;
			};
			name = Release;
		};
		A10F44E419E92BFE00F0A0B8 /* Debug */ = {
			isa = XCBuildConfiguration;
			buildSettings = {
				BUNDLE_LOADER = "$(BUILT_PRODUCTS_DIR)/QBaseViewControllerTest.app/QBaseViewControllerTest";
				FRAMEWORK_SEARCH_PATHS = (
					"$(SDKROOT)/Developer/Library/Frameworks",
					"$(inherited)",
					"$(DEVELOPER_FRAMEWORKS_DIR)",
				);
				GCC_PRECOMPILE_PREFIX_HEADER = YES;
				GCC_PREFIX_HEADER = "QBaseViewControllerTest/QBaseViewControllerTest-Prefix.pch";
				GCC_PREPROCESSOR_DEFINITIONS = (
					"DEBUG=1",
					"$(inherited)",
				);
				INFOPLIST_FILE = "QBaseViewControllerTestTests/QBaseViewControllerTestTests-Info.plist";
				PRODUCT_NAME = "$(TARGET_NAME)";
				TEST_HOST = "$(BUNDLE_LOADER)";
				WRAPPER_EXTENSION = xctest;
			};
			name = Debug;
		};
		A10F44E519E92BFE00F0A0B8 /* Release */ = {
			isa = XCBuildConfiguration;
			buildSettings = {
				BUNDLE_LOADER = "$(BUILT_PRODUCTS_DIR)/QBaseViewControllerTest.app/QBaseViewControllerTest";
				FRAMEWORK_SEARCH_PATHS = (
					"$(SDKROOT)/Developer/Library/Frameworks",
					"$(inherited)",
					"$(DEVELOPER_FRAMEWORKS_DIR)",
				);
				GCC_PRECOMPILE_PREFIX_HEADER = YES;
				GCC_PREFIX_HEADER = "QBaseViewControllerTest/QBaseViewControllerTest-Prefix.pch";
				INFOPLIST_FILE = "QBaseViewControllerTestTests/QBaseViewControllerTestTests-Info.plist";
				PRODUCT_NAME = "$(TARGET_NAME)";
				TEST_HOST = "$(BUNDLE_LOADER)";
				WRAPPER_EXTENSION = xctest;
			};
			name = Release;
		};
/* End XCBuildConfiguration section */

/* Begin XCConfigurationList section */
		A10F44AF19E92BFE00F0A0B8 /* Build configuration list for PBXProject "QBaseViewControllerTest" */ = {
			isa = XCConfigurationList;
			buildConfigurations = (
				A10F44DE19E92BFE00F0A0B8 /* Debug */,
				A10F44DF19E92BFE00F0A0B8 /* Release */,
			);
			defaultConfigurationIsVisible = 0;
			defaultConfigurationName = Release;
		};
		A10F44E019E92BFE00F0A0B8 /* Build configuration list for PBXNativeTarget "QBaseViewControllerTest" */ = {
			isa = XCConfigurationList;
			buildConfigurations = (
				A10F44E119E92BFE00F0A0B8 /* Debug */,
				A10F44E219E92BFE00F0A0B8 /* Release */,
			);
			defaultConfigurationIsVisible = 0;
		};
		A10F44E319E92BFE00F0A0B8 /* Build configuration list for PBXNativeTarget "QBaseViewControllerTestTests" */ = {
			isa = XCConfigurationList;
			buildConfigurations = (
				A10F44E419E92BFE00F0A0B8 /* Debug */,
				A10F44E519E92BFE00F0A0B8 /* Release */,
			);
			defaultConfigurationIsVisible = 0;
		};
/* End XCConfigurationList section */
	};
	rootObject = A10F44AC19E92BFE00F0A0B8 /* Project object */;
}
